
Microsoft Visual Studio Solution File, Format Version 12.00
# Visual Studio Version 17
VisualStudioVersion = 17.2.32616.157
MinimumVisualStudioVersion = 10.0.40219.1
Project("{FAE04EC0-301F-11D3-BF4B-00C04F79EFBC}") = "LibraryMS", "LibraryMS\LibraryMS.csproj", "{D6ABA856-6451-4214-8CDC-C503A90D20EE}"
EndProject
Project("{FAE04EC0-301F-11D3-BF4B-00C04F79EFBC}") = "DatabaseLayer", "DatabaseLayer\DatabaseLayer.csproj", "{3BA93525-13AA-4BF5-8956-34BEAA92951F}"
EndProject
Global
	GlobalSection(SolutionConfigurationPlatforms) = preSolution
		Debug|Any CPU = Debug|Any CPU
		Release|Any CPU = Release|Any CPU
	EndGlobalSection
	GlobalSection(ProjectConfigurationPlatforms) = postSolution
		{D6ABA856-6451-4214-8CDC-C503A90D20EE}.Debug|Any CPU.ActiveCfg = Debug|Any CPU
		{D6ABA856-6451-4214-8CDC-C503A90D20EE}.Debug|Any CPU.Build.0 = Debug|Any CPU
		{D6ABA856-6451-4214-8CDC-C503A90D20EE}.Release|Any CPU.ActiveCfg = Release|Any CPU
		{D6ABA856-6451-4214-8CDC-C503A90D20EE}.Release|Any CPU.Build.0 = Release|Any CPU
		{3BA93525-13AA-4BF5-8956-34BEAA92951F}.Debug|Any CPU.ActiveCfg = Debug|Any CPU
		{3BA93525-13AA-4BF5-8956-34BEAA92951F}.Debug|Any CPU.Build.0 = Debug|Any CPU
		{3BA93525-13AA-4BF5-8956-34BEAA92951F}.Release|Any CPU.ActiveCfg = Release|Any CPU
		{3BA93525-13AA-4BF5-8956-34BEAA92951F}.Release|Any CPU.Build.0 = Release|Any CPU
	EndGlobalSection
	GlobalSection(SolutionProperties) = preSolution
		HideSolutionNode = FALSE
	EndGlobalSection
	GlobalSection(ExtensibilityGlobals) = postSolution
		SolutionGuid = {A1487340-0489-40EE-990E-4B0F4ECF6246}
	EndGlobalSection
EndGlobal
